
Microsoft Visual Studio Solution File, Format Version 12.00
# Visual Studio 15
VisualStudioVersion = 15.0.27703.2018
MinimumVisualStudioVersion = 10.0.40219.1
Project("{9A19103F-16F7-4668-BE54-9A1E7A4F7556}") = "BasketTest", "BasketTest\BasketTest.csproj", "{7069F497-280B-472A-AFE3-F0F0CE22EBC3}"
EndProject
Project("{9A19103F-16F7-4668-BE54-9A1E7A4F7556}") = "Basket", "Basket\Basket.csproj", "{0DC273CA-7218-45F1-9CF3-D4599011B587}"
EndProject
Global
	GlobalSection(SolutionConfigurationPlatforms) = preSolution
		Debug|Any CPU = Debug|Any CPU
		Release|Any CPU = Release|Any CPU
	EndGlobalSection
	GlobalSection(ProjectConfigurationPlatforms) = postSolution
		{7069F497-280B-472A-AFE3-F0F0CE22EBC3}.Debug|Any CPU.ActiveCfg = Debug|Any CPU
		{7069F497-280B-472A-AFE3-F0F0CE22EBC3}.Debug|Any CPU.Build.0 = Debug|Any CPU
		{7069F497-280B-472A-AFE3-F0F0CE22EBC3}.Release|Any CPU.ActiveCfg = Release|Any CPU
		{7069F497-280B-472A-AFE3-F0F0CE22EBC3}.Release|Any CPU.Build.0 = Release|Any CPU
		{0DC273CA-7218-45F1-9CF3-D4599011B587}.Debug|Any CPU.ActiveCfg = Debug|Any CPU
		{0DC273CA-7218-45F1-9CF3-D4599011B587}.Debug|Any CPU.Build.0 = Debug|Any CPU
		{0DC273CA-7218-45F1-9CF3-D4599011B587}.Release|Any CPU.ActiveCfg = Release|Any CPU
		{0DC273CA-7218-45F1-9CF3-D4599011B587}.Release|Any CPU.Build.0 = Release|Any CPU
	EndGlobalSection
	GlobalSection(SolutionProperties) = preSolution
		HideSolutionNode = FALSE
	EndGlobalSection
	GlobalSection(ExtensibilityGlobals) = postSolution
		SolutionGuid = {80DC6A0B-F653-4204-9B3E-0DEF97F2E35F}
	EndGlobalSection
EndGlobal
